
Microsoft Visual Studio Solution File, Format Version 12.00
# Visual Studio Version 17
VisualStudioVersion = 17.6.33815.320
MinimumVisualStudioVersion = 10.0.40219.1
Project("{9A19103F-16F7-4668-BE54-9A1E7A4F7556}") = "MaximusProfitus.API", "MaximusProfitus.API\MaximusProfitus.API.csproj", "{983BCF76-8784-4C06-8116-A245BECB1741}"
EndProject
Project("{FAE04EC0-301F-11D3-BF4B-00C04F79EFBC}") = "MaximusProfitus.Core.Tests", "MaximusProfitus.Core.Tests\MaximusProfitus.Core.Tests.csproj", "{2465B9A2-B102-40FD-9BF0-12E4A8A216A1}"
EndProject
Project("{FAE04EC0-301F-11D3-BF4B-00C04F79EFBC}") = "MaximusProfitus.Core", "MaximusProfitus.Core\MaximusProfitus.Core.csproj", "{42CC36E6-6F54-43FF-BCDC-6A90B11A8B28}"
EndProject
Global
	GlobalSection(SolutionConfigurationPlatforms) = preSolution
		Debug|Any CPU = Debug|Any CPU
		Release|Any CPU = Release|Any CPU
	EndGlobalSection
	GlobalSection(ProjectConfigurationPlatforms) = postSolution
		{983BCF76-8784-4C06-8116-A245BECB1741}.Debug|Any CPU.ActiveCfg = Debug|Any CPU
		{983BCF76-8784-4C06-8116-A245BECB1741}.Debug|Any CPU.Build.0 = Debug|Any CPU
		{983BCF76-8784-4C06-8116-A245BECB1741}.Release|Any CPU.ActiveCfg = Release|Any CPU
		{983BCF76-8784-4C06-8116-A245BECB1741}.Release|Any CPU.Build.0 = Release|Any CPU
		{2465B9A2-B102-40FD-9BF0-12E4A8A216A1}.Debug|Any CPU.ActiveCfg = Debug|Any CPU
		{2465B9A2-B102-40FD-9BF0-12E4A8A216A1}.Debug|Any CPU.Build.0 = Debug|Any CPU
		{2465B9A2-B102-40FD-9BF0-12E4A8A216A1}.Release|Any CPU.ActiveCfg = Release|Any CPU
		{2465B9A2-B102-40FD-9BF0-12E4A8A216A1}.Release|Any CPU.Build.0 = Release|Any CPU
		{42CC36E6-6F54-43FF-BCDC-6A90B11A8B28}.Debug|Any CPU.ActiveCfg = Debug|Any CPU
		{42CC36E6-6F54-43FF-BCDC-6A90B11A8B28}.Debug|Any CPU.Build.0 = Debug|Any CPU
		{42CC36E6-6F54-43FF-BCDC-6A90B11A8B28}.Release|Any CPU.ActiveCfg = Release|Any CPU
		{42CC36E6-6F54-43FF-BCDC-6A90B11A8B28}.Release|Any CPU.Build.0 = Release|Any CPU
	EndGlobalSection
	GlobalSection(SolutionProperties) = preSolution
		HideSolutionNode = FALSE
	EndGlobalSection
	GlobalSection(ExtensibilityGlobals) = postSolution
		SolutionGuid = {587A45B8-ED21-453F-B493-9BC813F2CED5}
	EndGlobalSection
EndGlobal
